// !$*UTF8*$!
{
	archiveVersion = 1;
	classes = {
	};
	objectVersion = 50;
	objects = {

/* Begin PBXBuildFile section */
		1970B6ED24C1FFAA0025396C /* AppDelegate.swift in Sources */ = {isa = PBXBuildFile; fileRef = 1970B6EC24C1FFAA0025396C /* AppDelegate.swift */; };
		1970B6F124C1FFAA0025396C /* ViewController.swift in Sources */ = {isa = PBXBuildFile; fileRef = 1970B6F024C1FFAA0025396C /* ViewController.swift */; };
		1970B6F424C1FFAA0025396C /* Main.storyboard in Resources */ = {isa = PBXBuildFile; fileRef = 1970B6F224C1FFAA0025396C /* Main.storyboard */; };
		1970B6F624C1FFAB0025396C /* Assets.xcassets in Resources */ = {isa = PBXBuildFile; fileRef = 1970B6F524C1FFAB0025396C /* Assets.xcassets */; };
		1970B6F924C1FFAB0025396C /* LaunchScreen.storyboard in Resources */ = {isa = PBXBuildFile; fileRef = 1970B6F724C1FFAB0025396C /* LaunchScreen.storyboard */; };
		1970B70324C211540025396C /* GetWeatherReport.swift in Sources */ = {isa = PBXBuildFile; fileRef = 1970B70224C211540025396C /* GetWeatherReport.swift */; };
		1970B70624C218320025396C /* WeatherDetailsController.swift in Sources */ = {isa = PBXBuildFile; fileRef = 1970B70424C218320025396C /* WeatherDetailsController.swift */; };
		1970B70724C218320025396C /* WeatherDetailsController.xib in Resources */ = {isa = PBXBuildFile; fileRef = 1970B70524C218320025396C /* WeatherDetailsController.xib */; };
		1970B70924C22BB20025396C /* Connectivity.swift in Sources */ = {isa = PBXBuildFile; fileRef = 1970B70824C22BB10025396C /* Connectivity.swift */; };
		1970B70B24C231F20025396C /* HelperMethods.swift in Sources */ = {isa = PBXBuildFile; fileRef = 1970B70A24C231F20025396C /* HelperMethods.swift */; };
/* End PBXBuildFile section */

/* Begin PBXFileReference section */
		1970B6E924C1FFAA0025396C /* WeatherApp.app */ = {isa = PBXFileReference; explicitFileType = wrapper.application; includeInIndex = 0; path = WeatherApp.app; sourceTree = BUILT_PRODUCTS_DIR; };
		1970B6EC24C1FFAA0025396C /* AppDelegate.swift */ = {isa = PBXFileReference; lastKnownFileType = sourcecode.swift; path = AppDelegate.swift; sourceTree = "<group>"; };
		1970B6F024C1FFAA0025396C /* ViewController.swift */ = {isa = PBXFileReference; lastKnownFileType = sourcecode.swift; path = ViewController.swift; sourceTree = "<group>"; };
		1970B6F324C1FFAA0025396C /* Base */ = {isa = PBXFileReference; lastKnownFileType = file.storyboard; name = Base; path = Base.lproj/Main.storyboard; sourceTree = "<group>"; };
		1970B6F524C1FFAB0025396C /* Assets.xcassets */ = {isa = PBXFileReference; lastKnownFileType = folder.assetcatalog; path = Assets.xcassets; sourceTree = "<group>"; };
		1970B6F824C1FFAB0025396C /* Base */ = {isa = PBXFileReference; lastKnownFileType = file.storyboard; name = Base; path = Base.lproj/LaunchScreen.storyboard; sourceTree = "<group>"; };
		1970B6FA24C1FFAB0025396C /* Info.plist */ = {isa = PBXFileReference; lastKnownFileType = text.plist.xml; path = Info.plist; sourceTree = "<group>"; };
		1970B70224C211540025396C /* GetWeatherReport.swift */ = {isa = PBXFileReference; lastKnownFileType = sourcecode.swift; path = GetWeatherReport.swift; sourceTree = "<group>"; };
		1970B70424C218320025396C /* WeatherDetailsController.swift */ = {isa = PBXFileReference; lastKnownFileType = sourcecode.swift; path = WeatherDetailsController.swift; sourceTree = "<group>"; };
		1970B70524C218320025396C /* WeatherDetailsController.xib */ = {isa = PBXFileReference; lastKnownFileType = file.xib; path = WeatherDetailsController.xib; sourceTree = "<group>"; };
		1970B70824C22BB10025396C /* Connectivity.swift */ = {isa = PBXFileReference; fileEncoding = 4; lastKnownFileType = sourcecode.swift; path = Connectivity.swift; sourceTree = "<group>"; };
		1970B70A24C231F20025396C /* HelperMethods.swift */ = {isa = PBXFileReference; lastKnownFileType = sourcecode.swift; path = HelperMethods.swift; sourceTree = "<group>"; };
/* End PBXFileReference section */

/* Begin PBXFrameworksBuildPhase section */
		1970B6E624C1FFAA0025396C /* Frameworks */ = {
			isa = PBXFrameworksBuildPhase;
			buildActionMask = 2147483647;
			files = (
			);
			runOnlyForDeploymentPostprocessing = 0;
		};
/* End PBXFrameworksBuildPhase section */

/* Begin PBXGroup section */
		1970B6E024C1FFAA0025396C = {
			isa = PBXGroup;
			children = (
				1970B6EB24C1FFAA0025396C /* WeatherApp */,
				1970B6EA24C1FFAA0025396C /* Products */,
			);
			sourceTree = "<group>";
		};
		1970B6EA24C1FFAA0025396C /* Products */ = {
			isa = PBXGroup;
			children = (
				1970B6E924C1FFAA0025396C /* WeatherApp.app */,
			);
			name = Products;
			sourceTree = "<group>";
		};
		1970B6EB24C1FFAA0025396C /* WeatherApp */ = {
			isa = PBXGroup;
			children = (
				1970B6EC24C1FFAA0025396C /* AppDelegate.swift */,
				1970B70F24C232380025396C /* Utility */,
				1970B70D24C232230025396C /* Controllers */,
				1970B70C24C232140025396C /* Network Call */,
				1970B70E24C2322B0025396C /* Storyboards */,
				1970B6F524C1FFAB0025396C /* Assets.xcassets */,
				1970B6F724C1FFAB0025396C /* LaunchScreen.storyboard */,
				1970B6FA24C1FFAB0025396C /* Info.plist */,
			);
			path = WeatherApp;
			sourceTree = "<group>";
		};
		1970B70C24C232140025396C /* Network Call */ = {
			isa = PBXGroup;
			children = (
				1970B70224C211540025396C /* GetWeatherReport.swift */,
			);
			path = "Network Call";
			sourceTree = "<group>";
		};
		1970B70D24C232230025396C /* Controllers */ = {
			isa = PBXGroup;
			children = (
				1970B70424C218320025396C /* WeatherDetailsController.swift */,
				1970B70524C218320025396C /* WeatherDetailsController.xib */,
				1970B6F024C1FFAA0025396C /* ViewController.swift */,
			);
			path = Controllers;
			sourceTree = "<group>";
		};
		1970B70E24C2322B0025396C /* Storyboards */ = {
			isa = PBXGroup;
			children = (
				1970B6F224C1FFAA0025396C /* Main.storyboard */,
			);
			path = Storyboards;
			sourceTree = "<group>";
		};
		1970B70F24C232380025396C /* Utility */ = {
			isa = PBXGroup;
			children = (
				1970B70824C22BB10025396C /* Connectivity.swift */,
				1970B70A24C231F20025396C /* HelperMethods.swift */,
			);
			path = Utility;
			sourceTree = "<group>";
		};
/* End PBXGroup section */

/* Begin PBXNativeTarget section */
		1970B6E824C1FFAA0025396C /* WeatherApp */ = {
			isa = PBXNativeTarget;
			buildConfigurationList = 1970B6FD24C1FFAB0025396C /* Build configuration list for PBXNativeTarget "WeatherApp" */;
			buildPhases = (
				1970B6E524C1FFAA0025396C /* Sources */,
				1970B6E624C1FFAA0025396C /* Frameworks */,
				1970B6E724C1FFAA0025396C /* Resources */,
			);
			buildRules = (
			);
			dependencies = (
			);
			name = WeatherApp;
			productName = WeatherApp;
			productReference = 1970B6E924C1FFAA0025396C /* WeatherApp.app */;
			productType = "com.apple.product-type.application";
		};
/* End PBXNativeTarget section */

/* Begin PBXProject section */
		1970B6E124C1FFAA0025396C /* Project object */ = {
			isa = PBXProject;
			attributes = {
				LastSwiftUpdateCheck = 1160;
				LastUpgradeCheck = 1160;
				ORGANIZATIONNAME = "Sanket Ray";
				TargetAttributes = {
					1970B6E824C1FFAA0025396C = {
						CreatedOnToolsVersion = 11.6;
					};
				};
			};
			buildConfigurationList = 1970B6E424C1FFAA0025396C /* Build configuration list for PBXProject "WeatherApp" */;
			compatibilityVersion = "Xcode 9.3";
			developmentRegion = en;
			hasScannedForEncodings = 0;
			knownRegions = (
				en,
				Base,
			);
			mainGroup = 1970B6E024C1FFAA0025396C;
			productRefGroup = 1970B6EA24C1FFAA0025396C /* Products */;
			projectDirPath = "";
			projectRoot = "";
			targets = (
				1970B6E824C1FFAA0025396C /* WeatherApp */,
			);
		};
/* End PBXProject section */

/* Begin PBXResourcesBuildPhase section */
		1970B6E724C1FFAA0025396C /* Resources */ = {
			isa = PBXResourcesBuildPhase;
			buildActionMask = 2147483647;
			files = (
				1970B6F924C1FFAB0025396C /* LaunchScreen.storyboard in Resources */,
				1970B6F624C1FFAB0025396C /* Assets.xcassets in Resources */,
				1970B6F424C1FFAA0025396C /* Main.storyboard in Resources */,
				1970B70724C218320025396C /* WeatherDetailsController.xib in Resources */,
			);
			runOnlyForDeploymentPostprocessing = 0;
		};
/* End PBXResourcesBuildPhase section */

/* Begin PBXSourcesBuildPhase section */
		1970B6E524C1FFAA0025396C /* Sources */ = {
			isa = PBXSourcesBuildPhase;
			buildActionMask = 2147483647;
			files = (
				1970B6F124C1FFAA0025396C /* ViewController.swift in Sources */,
				1970B6ED24C1FFAA0025396C /* AppDelegate.swift in Sources */,
				1970B70B24C231F20025396C /* HelperMethods.swift in Sources */,
				1970B70924C22BB20025396C /* Connectivity.swift in Sources */,
				1970B70324C211540025396C /* GetWeatherReport.swift in Sources */,
				1970B70624C218320025396C /* WeatherDetailsController.swift in Sources */,
			);
			runOnlyForDeploymentPostprocessing = 0;
		};
/* End PBXSourcesBuildPhase section */

/* Begin PBXVariantGroup section */
		1970B6F224C1FFAA0025396C /* Main.storyboard */ = {
			isa = PBXVariantGroup;
			children = (
				1970B6F324C1FFAA0025396C /* Base */,
			);
			name = Main.storyboard;
			sourceTree = "<group>";
		};
		1970B6F724C1FFAB0025396C /* LaunchScreen.storyboard */ = {
			isa = PBXVariantGroup;
			children = (
				1970B6F824C1FFAB0025396C /* Base */,
			);
			name = LaunchScreen.storyboard;
			sourceTree = "<group>";
		};
/* End PBXVariantGroup section */

/* Begin XCBuildConfiguration section */
		1970B6FB24C1FFAB0025396C /* Debug */ = {
			isa = XCBuildConfiguration;
			buildSettings = {
				ALWAYS_SEARCH_USER_PATHS = NO;
				CLANG_ANALYZER_NONNULL = YES;
				CLANG_ANALYZER_NUMBER_OBJECT_CONVERSION = YES_AGGRESSIVE;
				CLANG_CXX_LANGUAGE_STANDARD = "gnu++14";
				CLANG_CXX_LIBRARY = "libc++";
				CLANG_ENABLE_MODULES = YES;
				CLANG_ENABLE_OBJC_ARC = YES;
				CLANG_ENABLE_OBJC_WEAK = YES;
				CLANG_WARN_BLOCK_CAPTURE_AUTORELEASING = YES;
				CLANG_WARN_BOOL_CONVERSION = YES;
				CLANG_WARN_COMMA = YES;
				CLANG_WARN_CONSTANT_CONVERSION = YES;
				CLANG_WARN_DEPRECATED_OBJC_IMPLEMENTATIONS = YES;
				CLANG_WARN_DIRECT_OBJC_ISA_USAGE = YES_ERROR;
				CLANG_WARN_DOCUMENTATION_COMMENTS = YES;
				CLANG_WARN_EMPTY_BODY = YES;
				CLANG_WARN_ENUM_CONVERSION = YES;
				CLANG_WARN_INFINITE_RECURSION = YES;
				CLANG_WARN_INT_CONVERSION = YES;
				CLANG_WARN_NON_LITERAL_NULL_CONVERSION = YES;
				CLANG_WARN_OBJC_IMPLICIT_RETAIN_SELF = YES;
				CLANG_WARN_OBJC_LITERAL_CONVERSION = YES;
				CLANG_WARN_OBJC_ROOT_CLASS = YES_ERROR;
				CLANG_WARN_RANGE_LOOP_ANALYSIS = YES;
				CLANG_WARN_STRICT_PROTOTYPES = YES;
				CLANG_WARN_SUSPICIOUS_MOVE = YES;
				CLANG_WARN_UNGUARDED_AVAILABILITY = YES_AGGRESSIVE;
				CLANG_WARN_UNREACHABLE_CODE = YES;
				CLANG_WARN__DUPLICATE_METHOD_MATCH = YES;
				COPY_PHASE_STRIP = NO;
				DEBUG_INFORMATION_FORMAT = dwarf;
				ENABLE_STRICT_OBJC_MSGSEND = YES;
				ENABLE_TESTABILITY = YES;
				GCC_C_LANGUAGE_STANDARD = gnu11;
				GCC_DYNAMIC_NO_PIC = NO;
				GCC_NO_COMMON_BLOCKS = YES;
				GCC_OPTIMIZATION_LEVEL = 0;
				GCC_PREPROCESSOR_DEFINITIONS = (
					"DEBUG=1",
					"$(inherited)",
				);
				GCC_WARN_64_TO_32_BIT_CONVERSION = YES;
				GCC_WARN_ABOUT_RETURN_TYPE = YES_ERROR;
				GCC_WARN_UNDECLARED_SELECTOR = YES;
				GCC_WARN_UNINITIALIZED_AUTOS = YES_AGGRESSIVE;
				GCC_WARN_UNUSED_FUNCTION = YES;
				GCC_WARN_UNUSED_VARIABLE = YES;
				IPHONEOS_DEPLOYMENT_TARGET = 13.6;
				MTL_ENABLE_DEBUG_INFO = INCLUDE_SOURCE;
				MTL_FAST_MATH = YES;
				ONLY_ACTIVE_ARCH = YES;
				SDKROOT = iphoneos;
				SWIFT_ACTIVE_COMPILATION_CONDITIONS = DEBUG;
				SWIFT_OPTIMIZATION_LEVEL = "-Onone";
			};
			name = Debug;
		};
		1970B6FC24C1FFAB0025396C /* Release */ = {
			isa = XCBuildConfiguration;
			buildSettings = {
				ALWAYS_SEARCH_USER_PATHS = NO;
				CLANG_ANALYZER_NONNULL = YES;
				CLANG_ANALYZER_NUMBER_OBJECT_CONVERSION = YES_AGGRESSIVE;
				CLANG_CXX_LANGUAGE_STANDARD = "gnu++14";
				CLANG_CXX_LIBRARY = "libc++";
				CLANG_ENABLE_MODULES = YES;
				CLANG_ENABLE_OBJC_ARC = YES;
				CLANG_ENABLE_OBJC_WEAK = YES;
				CLANG_WARN_BLOCK_CAPTURE_AUTORELEASING = YES;
				CLANG_WARN_BOOL_CONVERSION = YES;
				CLANG_WARN_COMMA = YES;
				CLANG_WARN_CONSTANT_CONVERSION = YES;
				CLANG_WARN_DEPRECATED_OBJC_IMPLEMENTATIONS = YES;
				CLANG_WARN_DIRECT_OBJC_ISA_USAGE = YES_ERROR;
				CLANG_WARN_DOCUMENTATION_COMMENTS = YES;
				CLANG_WARN_EMPTY_BODY = YES;
				CLANG_WARN_ENUM_CONVERSION = YES;
				CLANG_WARN_INFINITE_RECURSION = YES;
				CLANG_WARN_INT_CONVERSION = YES;
				CLANG_WARN_NON_LITERAL_NULL_CONVERSION = YES;
				CLANG_WARN_OBJC_IMPLICIT_RETAIN_SELF = YES;
				CLANG_WARN_OBJC_LITERAL_CONVERSION = YES;
				CLANG_WARN_OBJC_ROOT_CLASS = YES_ERROR;
				CLANG_WARN_RANGE_LOOP_ANALYSIS = YES;
				CLANG_WARN_STRICT_PROTOTYPES = YES;
				CLANG_WARN_SUSPICIOUS_MOVE = YES;
				CLANG_WARN_UNGUARDED_AVAILABILITY = YES_AGGRESSIVE;
				CLANG_WARN_UNREACHABLE_CODE = YES;
				CLANG_WARN__DUPLICATE_METHOD_MATCH = YES;
				COPY_PHASE_STRIP = NO;
				DEBUG_INFORMATION_FORMAT = "dwarf-with-dsym";
				ENABLE_NS_ASSERTIONS = NO;
				ENABLE_STRICT_OBJC_MSGSEND = YES;
				GCC_C_LANGUAGE_STANDARD = gnu11;
				GCC_NO_COMMON_BLOCKS = YES;
				GCC_WARN_64_TO_32_BIT_CONVERSION = YES;
				GCC_WARN_ABOUT_RETURN_TYPE = YES_ERROR;
				GCC_WARN_UNDECLARED_SELECTOR = YES;
				GCC_WARN_UNINITIALIZED_AUTOS = YES_AGGRESSIVE;
				GCC_WARN_UNUSED_FUNCTION = YES;
				GCC_WARN_UNUSED_VARIABLE = YES;
				IPHONEOS_DEPLOYMENT_TARGET = 13.6;
				MTL_ENABLE_DEBUG_INFO = NO;
				MTL_FAST_MATH = YES;
				SDKROOT = iphoneos;
				SWIFT_COMPILATION_MODE = wholemodule;
				SWIFT_OPTIMIZATION_LEVEL = "-O";
				VALIDATE_PRODUCT = YES;
			};
			name = Release;
		};
		1970B6FE24C1FFAB0025396C /* Debug */ = {
			isa = XCBuildConfiguration;
			buildSettings = {
				ASSETCATALOG_COMPILER_APPICON_NAME = AppIcon;
				CODE_SIGN_STYLE = Automatic;
				DEVELOPMENT_TEAM = GB6X7RL6GX;
				INFOPLIST_FILE = WeatherApp/Info.plist;
				IPHONEOS_DEPLOYMENT_TARGET = 12.0;
				LD_RUNPATH_SEARCH_PATHS = (
					"$(inherited)",
					"@executable_path/Frameworks",
				);
				PRODUCT_BUNDLE_IDENTIFIER = Chingel.WeatherApp;
				PRODUCT_NAME = "$(TARGET_NAME)";
				SWIFT_VERSION = 5.0;
				TARGETED_DEVICE_FAMILY = 1;
			};
			name = Debug;
		};
		1970B6FF24C1FFAB0025396C /* Release */ = {
			isa = XCBuildConfiguration;
			buildSettings = {
				ASSETCATALOG_COMPILER_APPICON_NAME = AppIcon;
				CODE_SIGN_STYLE = Automatic;
				DEVELOPMENT_TEAM = GB6X7RL6GX;
				INFOPLIST_FILE = WeatherApp/Info.plist;
				IPHONEOS_DEPLOYMENT_TARGET = 12.0;
				LD_RUNPATH_SEARCH_PATHS = (
					"$(inherited)",
					"@executable_path/Frameworks",
				);
				PRODUCT_BUNDLE_IDENTIFIER = Chingel.WeatherApp;
				PRODUCT_NAME = "$(TARGET_NAME)";
				SWIFT_VERSION = 5.0;
				TARGETED_DEVICE_FAMILY = 1;
			};
			name = Release;
		};
/* End XCBuildConfiguration section */

/* Begin XCConfigurationList section */
		1970B6E424C1FFAA0025396C /* Build configuration list for PBXProject "WeatherApp" */ = {
			isa = XCConfigurationList;
			buildConfigurations = (
				1970B6FB24C1FFAB0025396C /* Debug */,
				1970B6FC24C1FFAB0025396C /* Release */,
			);
			defaultConfigurationIsVisible = 0;
			defaultConfigurationName = Release;
		};
		1970B6FD24C1FFAB0025396C /* Build configuration list for PBXNativeTarget "WeatherApp" */ = {
			isa = XCConfigurationList;
			buildConfigurations = (
				1970B6FE24C1FFAB0025396C /* Debug */,
				1970B6FF24C1FFAB0025396C /* Release */,
			);
			defaultConfigurationIsVisible = 0;
			defaultConfigurationName = Release;
		};
/* End XCConfigurationList section */
	};
	rootObject = 1970B6E124C1FFAA0025396C /* Project object */;
}
